
Microsoft Visual Studio Solution File, Format Version 12.00
# Visual Studio Version 16
VisualStudioVersion = 16.0.31729.503
MinimumVisualStudioVersion = 10.0.40219.1
Project("{FAE04EC0-301F-11D3-BF4B-00C04F79EFBC}") = "MintMod", "MintMod\MintMod.csproj", "{EC3B33B6-5CEE-49FD-85EE-275CFD030FD3}"
EndProject
Project("{FAE04EC0-301F-11D3-BF4B-00C04F79EFBC}") = "MintyLoader", "MintyLoader\MintyLoader.csproj", "{B6F1F37D-8A64-4473-8484-6906F2DCBD13}"
EndProject
Project("{9A19103F-16F7-4668-BE54-9A1E7A4F7556}") = "Mint.WMC", "Mint.WMC\Mint.WMC.csproj", "{B5D5DC62-277F-49DE-BD89-3B93023B06E9}"
EndProject
Project("{FAE04EC0-301F-11D3-BF4B-00C04F79EFBC}") = "MintyNameplates", "MintyNameplates\MintyNameplates.csproj", "{2D390917-54CE-492E-95E1-16FD09A02408}"
EndProject
Project("{FAE04EC0-301F-11D3-BF4B-00C04F79EFBC}") = "ReMod.Core", "ReMod.Core\ReMod.Core.csproj", "{C87FE758-ACB9-4FA2-AF6F-10AA9AA0023C}"
EndProject
Project("{8BC9CEB8-8B4A-11D0-8D11-00A0C91BC942}") = "MintyNative", "MintyNative\MintyNative.vcxproj", "{B0589CD8-F005-44E1-A487-8361633878FA}"
EndProject
Project("{FAE04EC0-301F-11D3-BF4B-00C04F79EFBC}") = "MintNET6", "MintNET6\MintNET6.csproj", "{0E0240C1-577F-4F37-A2F0-CEE99887D6AE}"
EndProject
Project("{FAE04EC0-301F-11D3-BF4B-00C04F79EFBC}") = "MintyNet48", "MintyNet48\MintyNet48.csproj", "{2ACDCC30-CB28-4A4D-87CF-B620DB292557}"
EndProject
Project("{FAE04EC0-301F-11D3-BF4B-00C04F79EFBC}") = "MintyServer", "MintyServer\MintyServer.csproj", "{2DC9B753-1E3C-4D46-8702-1C249A254525}"
EndProject
Global
	GlobalSection(SolutionConfigurationPlatforms) = preSolution
		Debug|Any CPU = Debug|Any CPU
		Release|Any CPU = Release|Any CPU
	EndGlobalSection
	GlobalSection(ProjectConfigurationPlatforms) = postSolution
		{EC3B33B6-5CEE-49FD-85EE-275CFD030FD3}.Debug|Any CPU.ActiveCfg = Debug|Any CPU
		{EC3B33B6-5CEE-49FD-85EE-275CFD030FD3}.Debug|Any CPU.Build.0 = Debug|Any CPU
		{EC3B33B6-5CEE-49FD-85EE-275CFD030FD3}.Release|Any CPU.ActiveCfg = Release|Any CPU
		{EC3B33B6-5CEE-49FD-85EE-275CFD030FD3}.Release|Any CPU.Build.0 = Release|Any CPU
		{B6F1F37D-8A64-4473-8484-6906F2DCBD13}.Debug|Any CPU.ActiveCfg = Debug|Any CPU
		{B6F1F37D-8A64-4473-8484-6906F2DCBD13}.Debug|Any CPU.Build.0 = Debug|Any CPU
		{B6F1F37D-8A64-4473-8484-6906F2DCBD13}.Release|Any CPU.ActiveCfg = Release|Any CPU
		{B6F1F37D-8A64-4473-8484-6906F2DCBD13}.Release|Any CPU.Build.0 = Release|Any CPU
		{B5D5DC62-277F-49DE-BD89-3B93023B06E9}.Debug|Any CPU.ActiveCfg = Debug|Any CPU
		{B5D5DC62-277F-49DE-BD89-3B93023B06E9}.Debug|Any CPU.Build.0 = Debug|Any CPU
		{B5D5DC62-277F-49DE-BD89-3B93023B06E9}.Release|Any CPU.ActiveCfg = Release|Any CPU
		{B5D5DC62-277F-49DE-BD89-3B93023B06E9}.Release|Any CPU.Build.0 = Release|Any CPU
		{2D390917-54CE-492E-95E1-16FD09A02408}.Debug|Any CPU.ActiveCfg = Debug|Any CPU
		{2D390917-54CE-492E-95E1-16FD09A02408}.Debug|Any CPU.Build.0 = Debug|Any CPU
		{2D390917-54CE-492E-95E1-16FD09A02408}.Release|Any CPU.ActiveCfg = Release|Any CPU
		{2D390917-54CE-492E-95E1-16FD09A02408}.Release|Any CPU.Build.0 = Release|Any CPU
		{C87FE758-ACB9-4FA2-AF6F-10AA9AA0023C}.Debug|Any CPU.ActiveCfg = Debug|Any CPU
		{C87FE758-ACB9-4FA2-AF6F-10AA9AA0023C}.Debug|Any CPU.Build.0 = Debug|Any CPU
		{C87FE758-ACB9-4FA2-AF6F-10AA9AA0023C}.Release|Any CPU.ActiveCfg = Release|Any CPU
		{C87FE758-ACB9-4FA2-AF6F-10AA9AA0023C}.Release|Any CPU.Build.0 = Release|Any CPU
		{B0589CD8-F005-44E1-A487-8361633878FA}.Debug|Any CPU.ActiveCfg = Debug|x64
		{B0589CD8-F005-44E1-A487-8361633878FA}.Debug|Any CPU.Build.0 = Debug|x64
		{B0589CD8-F005-44E1-A487-8361633878FA}.Release|Any CPU.ActiveCfg = Release|x64
		{B0589CD8-F005-44E1-A487-8361633878FA}.Release|Any CPU.Build.0 = Release|x64
		{0E0240C1-577F-4F37-A2F0-CEE99887D6AE}.Debug|Any CPU.ActiveCfg = Debug|Any CPU
		{0E0240C1-577F-4F37-A2F0-CEE99887D6AE}.Debug|Any CPU.Build.0 = Debug|Any CPU
		{0E0240C1-577F-4F37-A2F0-CEE99887D6AE}.Release|Any CPU.ActiveCfg = Release|Any CPU
		{0E0240C1-577F-4F37-A2F0-CEE99887D6AE}.Release|Any CPU.Build.0 = Release|Any CPU
		{2ACDCC30-CB28-4A4D-87CF-B620DB292557}.Debug|Any CPU.ActiveCfg = Debug|Any CPU
		{2ACDCC30-CB28-4A4D-87CF-B620DB292557}.Debug|Any CPU.Build.0 = Debug|Any CPU
		{2ACDCC30-CB28-4A4D-87CF-B620DB292557}.Release|Any CPU.ActiveCfg = Release|Any CPU
		{2ACDCC30-CB28-4A4D-87CF-B620DB292557}.Release|Any CPU.Build.0 = Release|Any CPU
		{2DC9B753-1E3C-4D46-8702-1C249A254525}.Debug|Any CPU.ActiveCfg = Debug|Any CPU
		{2DC9B753-1E3C-4D46-8702-1C249A254525}.Debug|Any CPU.Build.0 = Debug|Any CPU
		{2DC9B753-1E3C-4D46-8702-1C249A254525}.Release|Any CPU.ActiveCfg = Release|Any CPU
		{2DC9B753-1E3C-4D46-8702-1C249A254525}.Release|Any CPU.Build.0 = Release|Any CPU
	EndGlobalSection
	GlobalSection(SolutionProperties) = preSolution
		HideSolutionNode = FALSE
	EndGlobalSection
	GlobalSection(ExtensibilityGlobals) = postSolution
		SolutionGuid = {7369C13B-AA22-4529-94CD-EFD1C9925CB8}
	EndGlobalSection
EndGlobal
